
Microsoft Visual Studio Solution File, Format Version 12.00
# Visual Studio Version 17
VisualStudioVersion = 17.10.35004.147
MinimumVisualStudioVersion = 10.0.40219.1
Project("{2150E333-8FDC-42A3-9474-1A3956D46DE8}") = "01", "01", "{1DE433B7-9A5B-4B2C-8497-D5935835BECC}"
EndProject
Project("{9A19103F-16F7-4668-BE54-9A1E7A4F7556}") = "Ejercicio01.Consola", "Ejercicio01.Consola\Ejercicio01.Consola.csproj", "{3D3BA621-25DE-4797-84F9-0215C4F18F0B}"
EndProject
Project("{9A19103F-16F7-4668-BE54-9A1E7A4F7556}") = "Ejercicio01.Entidades", "Ejercicio01.Entidades\Ejercicio01.Entidades.csproj", "{C45B0628-2611-4F90-8AA8-038FC5976633}"
EndProject
Project("{2150E333-8FDC-42A3-9474-1A3956D46DE8}") = "02", "02", "{CFBBFBEE-18D9-469A-9493-AA663A4E9E31}"
EndProject
Project("{9A19103F-16F7-4668-BE54-9A1E7A4F7556}") = "Ejercicio02.Consola", "Ejercicio02.Consola\Ejercicio02.Consola.csproj", "{2A439798-5ADD-4A74-B7EB-09F4E168A637}"
EndProject
Project("{9A19103F-16F7-4668-BE54-9A1E7A4F7556}") = "Ejercicio02.Entidades", "Ejercicio02.Entidades\Ejercicio02.Entidades.csproj", "{3EFF613F-AB84-4EC3-841F-90BE43699D68}"
EndProject
Project("{2150E333-8FDC-42A3-9474-1A3956D46DE8}") = "03", "03", "{B44C9214-5708-4C3C-A3C1-5F1AB6F1EDE4}"
EndProject
Project("{FAE04EC0-301F-11D3-BF4B-00C04F79EFBC}") = "Ejercicio03.Consola", "Ejercicio03.Consola\Ejercicio03.Consola.csproj", "{CDFFBCAC-2C4F-4DD8-B9C3-9867FD8C7DF4}"
EndProject
Project("{FAE04EC0-301F-11D3-BF4B-00C04F79EFBC}") = "Ejercicio03.Entidades", "Ejercicio03.Entidades\Ejercicio03.Entidades.csproj", "{46B7B776-69FD-49EC-A805-78305FF840FB}"
EndProject
Project("{2150E333-8FDC-42A3-9474-1A3956D46DE8}") = "04", "04", "{E7D9FFB2-5FE5-4FC7-95BC-C52DC6300F78}"
EndProject
Project("{FAE04EC0-301F-11D3-BF4B-00C04F79EFBC}") = "Ejercicio04.Consola", "Ejercicio04.Consola\Ejercicio04.Consola.csproj", "{8997A36C-05D0-4405-9508-CAF7435048DF}"
EndProject
Project("{FAE04EC0-301F-11D3-BF4B-00C04F79EFBC}") = "Ejercicio04.Entidades", "Ejercicio04.Entidades\Ejercicio04.Entidades.csproj", "{80187471-64B0-4D93-9098-D9FBC1B1F99D}"
EndProject
Global
	GlobalSection(SolutionConfigurationPlatforms) = preSolution
		Debug|Any CPU = Debug|Any CPU
		Release|Any CPU = Release|Any CPU
	EndGlobalSection
	GlobalSection(ProjectConfigurationPlatforms) = postSolution
		{3D3BA621-25DE-4797-84F9-0215C4F18F0B}.Debug|Any CPU.ActiveCfg = Debug|Any CPU
		{3D3BA621-25DE-4797-84F9-0215C4F18F0B}.Debug|Any CPU.Build.0 = Debug|Any CPU
		{3D3BA621-25DE-4797-84F9-0215C4F18F0B}.Release|Any CPU.ActiveCfg = Release|Any CPU
		{3D3BA621-25DE-4797-84F9-0215C4F18F0B}.Release|Any CPU.Build.0 = Release|Any CPU
		{C45B0628-2611-4F90-8AA8-038FC5976633}.Debug|Any CPU.ActiveCfg = Debug|Any CPU
		{C45B0628-2611-4F90-8AA8-038FC5976633}.Debug|Any CPU.Build.0 = Debug|Any CPU
		{C45B0628-2611-4F90-8AA8-038FC5976633}.Release|Any CPU.ActiveCfg = Release|Any CPU
		{C45B0628-2611-4F90-8AA8-038FC5976633}.Release|Any CPU.Build.0 = Release|Any CPU
		{2A439798-5ADD-4A74-B7EB-09F4E168A637}.Debug|Any CPU.ActiveCfg = Debug|Any CPU
		{2A439798-5ADD-4A74-B7EB-09F4E168A637}.Debug|Any CPU.Build.0 = Debug|Any CPU
		{2A439798-5ADD-4A74-B7EB-09F4E168A637}.Release|Any CPU.ActiveCfg = Release|Any CPU
		{2A439798-5ADD-4A74-B7EB-09F4E168A637}.Release|Any CPU.Build.0 = Release|Any CPU
		{3EFF613F-AB84-4EC3-841F-90BE43699D68}.Debug|Any CPU.ActiveCfg = Debug|Any CPU
		{3EFF613F-AB84-4EC3-841F-90BE43699D68}.Debug|Any CPU.Build.0 = Debug|Any CPU
		{3EFF613F-AB84-4EC3-841F-90BE43699D68}.Release|Any CPU.ActiveCfg = Release|Any CPU
		{3EFF613F-AB84-4EC3-841F-90BE43699D68}.Release|Any CPU.Build.0 = Release|Any CPU
		{CDFFBCAC-2C4F-4DD8-B9C3-9867FD8C7DF4}.Debug|Any CPU.ActiveCfg = Debug|Any CPU
		{CDFFBCAC-2C4F-4DD8-B9C3-9867FD8C7DF4}.Debug|Any CPU.Build.0 = Debug|Any CPU
		{CDFFBCAC-2C4F-4DD8-B9C3-9867FD8C7DF4}.Release|Any CPU.ActiveCfg = Release|Any CPU
		{CDFFBCAC-2C4F-4DD8-B9C3-9867FD8C7DF4}.Release|Any CPU.Build.0 = Release|Any CPU
		{46B7B776-69FD-49EC-A805-78305FF840FB}.Debug|Any CPU.ActiveCfg = Debug|Any CPU
		{46B7B776-69FD-49EC-A805-78305FF840FB}.Debug|Any CPU.Build.0 = Debug|Any CPU
		{46B7B776-69FD-49EC-A805-78305FF840FB}.Release|Any CPU.ActiveCfg = Release|Any CPU
		{46B7B776-69FD-49EC-A805-78305FF840FB}.Release|Any CPU.Build.0 = Release|Any CPU
		{8997A36C-05D0-4405-9508-CAF7435048DF}.Debug|Any CPU.ActiveCfg = Debug|Any CPU
		{8997A36C-05D0-4405-9508-CAF7435048DF}.Debug|Any CPU.Build.0 = Debug|Any CPU
		{8997A36C-05D0-4405-9508-CAF7435048DF}.Release|Any CPU.ActiveCfg = Release|Any CPU
		{8997A36C-05D0-4405-9508-CAF7435048DF}.Release|Any CPU.Build.0 = Release|Any CPU
		{80187471-64B0-4D93-9098-D9FBC1B1F99D}.Debug|Any CPU.ActiveCfg = Debug|Any CPU
		{80187471-64B0-4D93-9098-D9FBC1B1F99D}.Debug|Any CPU.Build.0 = Debug|Any CPU
		{80187471-64B0-4D93-9098-D9FBC1B1F99D}.Release|Any CPU.ActiveCfg = Release|Any CPU
		{80187471-64B0-4D93-9098-D9FBC1B1F99D}.Release|Any CPU.Build.0 = Release|Any CPU
	EndGlobalSection
	GlobalSection(SolutionProperties) = preSolution
		HideSolutionNode = FALSE
	EndGlobalSection
	GlobalSection(NestedProjects) = preSolution
		{3D3BA621-25DE-4797-84F9-0215C4F18F0B} = {1DE433B7-9A5B-4B2C-8497-D5935835BECC}
		{C45B0628-2611-4F90-8AA8-038FC5976633} = {1DE433B7-9A5B-4B2C-8497-D5935835BECC}
		{2A439798-5ADD-4A74-B7EB-09F4E168A637} = {CFBBFBEE-18D9-469A-9493-AA663A4E9E31}
		{3EFF613F-AB84-4EC3-841F-90BE43699D68} = {CFBBFBEE-18D9-469A-9493-AA663A4E9E31}
		{CDFFBCAC-2C4F-4DD8-B9C3-9867FD8C7DF4} = {B44C9214-5708-4C3C-A3C1-5F1AB6F1EDE4}
		{46B7B776-69FD-49EC-A805-78305FF840FB} = {B44C9214-5708-4C3C-A3C1-5F1AB6F1EDE4}
		{8997A36C-05D0-4405-9508-CAF7435048DF} = {E7D9FFB2-5FE5-4FC7-95BC-C52DC6300F78}
		{80187471-64B0-4D93-9098-D9FBC1B1F99D} = {E7D9FFB2-5FE5-4FC7-95BC-C52DC6300F78}
	EndGlobalSection
	GlobalSection(ExtensibilityGlobals) = postSolution
		SolutionGuid = {C12AA388-EDE2-4F06-B1E1-5E08DE0432B1}
	EndGlobalSection
EndGlobal
